
Microsoft Visual Studio Solution File, Format Version 12.00
# Visual Studio Version 17
VisualStudioVersion = 17.4.33213.308
MinimumVisualStudioVersion = 10.0.40219.1
Project("{9A19103F-16F7-4668-BE54-9A1E7A4F7556}") = "CSharpOpdrachten", "CSharpOpdrachten\CSharpOpdrachten.csproj", "{A257EBBC-B3A1-4E68-90F0-3B7C41C631DD}"
EndProject
Project("{FAE04EC0-301F-11D3-BF4B-00C04F79EFBC}") = "StringOpdracht", "StringOpdracht\StringOpdracht.csproj", "{2BEBCC30-7C11-443B-AE1D-A21717CA0367}"
EndProject
Project("{FAE04EC0-301F-11D3-BF4B-00C04F79EFBC}") = "ProjectAddOpdracht", "ProjectAddOpdracht\ProjectAddOpdracht.csproj", "{01D6D4C7-EB9B-4637-91E7-6CA67C6DB7A1}"
EndProject
Global
	GlobalSection(SolutionConfigurationPlatforms) = preSolution
		Debug|Any CPU = Debug|Any CPU
		Release|Any CPU = Release|Any CPU
	EndGlobalSection
	GlobalSection(ProjectConfigurationPlatforms) = postSolution
		{A257EBBC-B3A1-4E68-90F0-3B7C41C631DD}.Debug|Any CPU.ActiveCfg = Debug|Any CPU
		{A257EBBC-B3A1-4E68-90F0-3B7C41C631DD}.Debug|Any CPU.Build.0 = Debug|Any CPU
		{A257EBBC-B3A1-4E68-90F0-3B7C41C631DD}.Release|Any CPU.ActiveCfg = Release|Any CPU
		{A257EBBC-B3A1-4E68-90F0-3B7C41C631DD}.Release|Any CPU.Build.0 = Release|Any CPU
		{2BEBCC30-7C11-443B-AE1D-A21717CA0367}.Debug|Any CPU.ActiveCfg = Debug|Any CPU
		{2BEBCC30-7C11-443B-AE1D-A21717CA0367}.Debug|Any CPU.Build.0 = Debug|Any CPU
		{2BEBCC30-7C11-443B-AE1D-A21717CA0367}.Release|Any CPU.ActiveCfg = Release|Any CPU
		{2BEBCC30-7C11-443B-AE1D-A21717CA0367}.Release|Any CPU.Build.0 = Release|Any CPU
		{01D6D4C7-EB9B-4637-91E7-6CA67C6DB7A1}.Debug|Any CPU.ActiveCfg = Debug|Any CPU
		{01D6D4C7-EB9B-4637-91E7-6CA67C6DB7A1}.Debug|Any CPU.Build.0 = Debug|Any CPU
		{01D6D4C7-EB9B-4637-91E7-6CA67C6DB7A1}.Release|Any CPU.ActiveCfg = Release|Any CPU
		{01D6D4C7-EB9B-4637-91E7-6CA67C6DB7A1}.Release|Any CPU.Build.0 = Release|Any CPU
	EndGlobalSection
	GlobalSection(SolutionProperties) = preSolution
		HideSolutionNode = FALSE
	EndGlobalSection
	GlobalSection(ExtensibilityGlobals) = postSolution
		SolutionGuid = {786109F1-A59F-4C8D-8B81-208A5AA1F396}
	EndGlobalSection
EndGlobal
